// !$*UTF8*$!
{
	archiveVersion = 1;
	classes = {
	};
	objectVersion = 52;
	objects = {

/* Begin PBXBuildFile section */
		120E6D5825F533F40053503E /* HotKey in Frameworks */ = {isa = PBXBuildFile; productRef = 120E6D5725F533F40053503E /* HotKey */; };
		120FA05625F95DE0000AF540 /* LaunchAtLogin in Frameworks */ = {isa = PBXBuildFile; productRef = 120FA05525F95DE0000AF540 /* LaunchAtLogin */; };
		122044BF25F91489000512AC /* ProgressCircle.swift in Sources */ = {isa = PBXBuildFile; fileRef = 122044BE25F91489000512AC /* ProgressCircle.swift */; };
		1232A2F025F3CAB5003DDBE8 /* AppDelegate.swift in Sources */ = {isa = PBXBuildFile; fileRef = 1232A2EF25F3CAB5003DDBE8 /* AppDelegate.swift */; };
		1232A2F225F3CAB5003DDBE8 /* PreferencesViewController.swift in Sources */ = {isa = PBXBuildFile; fileRef = 1232A2F125F3CAB5003DDBE8 /* PreferencesViewController.swift */; };
		1232A2F425F3CAB7003DDBE8 /* Assets.xcassets in Resources */ = {isa = PBXBuildFile; fileRef = 1232A2F325F3CAB7003DDBE8 /* Assets.xcassets */; };
		1232A2F725F3CAB7003DDBE8 /* Main.storyboard in Resources */ = {isa = PBXBuildFile; fileRef = 1232A2F525F3CAB7003DDBE8 /* Main.storyboard */; };
		1232A31B25F3DD79003DDBE8 /* AuthView.swift in Sources */ = {isa = PBXBuildFile; fileRef = 1232A31A25F3DD79003DDBE8 /* AuthView.swift */; };
		1232A31E25F3DD89003DDBE8 /* AuthView.xib in Resources */ = {isa = PBXBuildFile; fileRef = 1232A31D25F3DD89003DDBE8 /* AuthView.xib */; };
		1232A32225F3E6DA003DDBE8 /* SwiftOTP in Frameworks */ = {isa = PBXBuildFile; productRef = 1232A32125F3E6DA003DDBE8 /* SwiftOTP */; };
		12CB3ED325F6874900537F59 /* PreferencesWindowController.swift in Sources */ = {isa = PBXBuildFile; fileRef = 12CB3ED225F6874900537F59 /* PreferencesWindowController.swift */; };
		12CB3ED625F6886500537F59 /* KeyboardShortcut.swift in Sources */ = {isa = PBXBuildFile; fileRef = 12CB3ED525F6886500537F59 /* KeyboardShortcut.swift */; };
		12CB3ED925F6AD5D00537F59 /* InfoButton.swift in Sources */ = {isa = PBXBuildFile; fileRef = 12CB3ED825F6AD5D00537F59 /* InfoButton.swift */; };
/* End PBXBuildFile section */

/* Begin PBXFileReference section */
		122044BE25F91489000512AC /* ProgressCircle.swift */ = {isa = PBXFileReference; lastKnownFileType = sourcecode.swift; path = ProgressCircle.swift; sourceTree = "<group>"; };
		1232A2EC25F3CAB5003DDBE8 /* MicroAuth.app */ = {isa = PBXFileReference; explicitFileType = wrapper.application; includeInIndex = 0; path = MicroAuth.app; sourceTree = BUILT_PRODUCTS_DIR; };
		1232A2EF25F3CAB5003DDBE8 /* AppDelegate.swift */ = {isa = PBXFileReference; lastKnownFileType = sourcecode.swift; path = AppDelegate.swift; sourceTree = "<group>"; };
		1232A2F125F3CAB5003DDBE8 /* PreferencesViewController.swift */ = {isa = PBXFileReference; lastKnownFileType = sourcecode.swift; path = PreferencesViewController.swift; sourceTree = "<group>"; };
		1232A2F325F3CAB7003DDBE8 /* Assets.xcassets */ = {isa = PBXFileReference; lastKnownFileType = folder.assetcatalog; path = Assets.xcassets; sourceTree = "<group>"; };
		1232A2F625F3CAB7003DDBE8 /* Base */ = {isa = PBXFileReference; lastKnownFileType = file.storyboard; name = Base; path = Base.lproj/Main.storyboard; sourceTree = "<group>"; };
		1232A2F825F3CAB7003DDBE8 /* Info.plist */ = {isa = PBXFileReference; lastKnownFileType = text.plist.xml; path = Info.plist; sourceTree = "<group>"; };
		1232A2F925F3CAB7003DDBE8 /* MicroAuth.entitlements */ = {isa = PBXFileReference; lastKnownFileType = text.plist.entitlements; path = MicroAuth.entitlements; sourceTree = "<group>"; };
		1232A31A25F3DD79003DDBE8 /* AuthView.swift */ = {isa = PBXFileReference; lastKnownFileType = sourcecode.swift; path = AuthView.swift; sourceTree = "<group>"; };
		1232A31D25F3DD89003DDBE8 /* AuthView.xib */ = {isa = PBXFileReference; lastKnownFileType = file.xib; path = AuthView.xib; sourceTree = "<group>"; };
		12CB3ED225F6874900537F59 /* PreferencesWindowController.swift */ = {isa = PBXFileReference; lastKnownFileType = sourcecode.swift; path = PreferencesWindowController.swift; sourceTree = "<group>"; };
		12CB3ED525F6886500537F59 /* KeyboardShortcut.swift */ = {isa = PBXFileReference; lastKnownFileType = sourcecode.swift; path = KeyboardShortcut.swift; sourceTree = "<group>"; };
		12CB3ED825F6AD5D00537F59 /* InfoButton.swift */ = {isa = PBXFileReference; fileEncoding = 4; lastKnownFileType = sourcecode.swift; name = InfoButton.swift; path = ../../../../../../../Downloads/InfoButton.swift; sourceTree = "<group>"; };
/* End PBXFileReference section */

/* Begin PBXFrameworksBuildPhase section */
		1232A2E925F3CAB5003DDBE8 /* Frameworks */ = {
			isa = PBXFrameworksBuildPhase;
			buildActionMask = 2147483647;
			files = (
				120FA05625F95DE0000AF540 /* LaunchAtLogin in Frameworks */,
				120E6D5825F533F40053503E /* HotKey in Frameworks */,
				1232A32225F3E6DA003DDBE8 /* SwiftOTP in Frameworks */,
			);
			runOnlyForDeploymentPostprocessing = 0;
		};
/* End PBXFrameworksBuildPhase section */

/* Begin PBXGroup section */
		1232A2E325F3CAB5003DDBE8 = {
			isa = PBXGroup;
			children = (
				1232A2EE25F3CAB5003DDBE8 /* MicroAuth */,
				1232A2ED25F3CAB5003DDBE8 /* Products */,
			);
			sourceTree = "<group>";
		};
		1232A2ED25F3CAB5003DDBE8 /* Products */ = {
			isa = PBXGroup;
			children = (
				1232A2EC25F3CAB5003DDBE8 /* MicroAuth.app */,
			);
			name = Products;
			sourceTree = "<group>";
		};
		1232A2EE25F3CAB5003DDBE8 /* MicroAuth */ = {
			isa = PBXGroup;
			children = (
				1232A31825F3DBFE003DDBE8 /* Custom Views */,
				1232A2EF25F3CAB5003DDBE8 /* AppDelegate.swift */,
				1232A2F125F3CAB5003DDBE8 /* PreferencesViewController.swift */,
				12CB3ED525F6886500537F59 /* KeyboardShortcut.swift */,
				1232A2F325F3CAB7003DDBE8 /* Assets.xcassets */,
				1232A2F525F3CAB7003DDBE8 /* Main.storyboard */,
				12CB3ED225F6874900537F59 /* PreferencesWindowController.swift */,
				12CB3ED825F6AD5D00537F59 /* InfoButton.swift */,
				1232A2F825F3CAB7003DDBE8 /* Info.plist */,
				1232A2F925F3CAB7003DDBE8 /* MicroAuth.entitlements */,
			);
			path = MicroAuth;
			sourceTree = "<group>";
		};
		1232A31825F3DBFE003DDBE8 /* Custom Views */ = {
			isa = PBXGroup;
			children = (
				1232A31A25F3DD79003DDBE8 /* AuthView.swift */,
				1232A31D25F3DD89003DDBE8 /* AuthView.xib */,
				122044BE25F91489000512AC /* ProgressCircle.swift */,
			);
			path = "Custom Views";
			sourceTree = "<group>";
		};
/* End PBXGroup section */

/* Begin PBXNativeTarget section */
		1232A2EB25F3CAB5003DDBE8 /* MicroAuth */ = {
			isa = PBXNativeTarget;
			buildConfigurationList = 1232A2FC25F3CAB7003DDBE8 /* Build configuration list for PBXNativeTarget "MicroAuth" */;
			buildPhases = (
				1232A2E825F3CAB5003DDBE8 /* Sources */,
				1232A2E925F3CAB5003DDBE8 /* Frameworks */,
				1232A2EA25F3CAB5003DDBE8 /* Resources */,
				1251E18F25F968E900DB6B68 /* ShellScript */,
			);
			buildRules = (
			);
			dependencies = (
			);
			name = MicroAuth;
			packageProductDependencies = (
				1232A32125F3E6DA003DDBE8 /* SwiftOTP */,
				120E6D5725F533F40053503E /* HotKey */,
				120FA05525F95DE0000AF540 /* LaunchAtLogin */,
			);
			productName = MicroAuth;
			productReference = 1232A2EC25F3CAB5003DDBE8 /* MicroAuth.app */;
			productType = "com.apple.product-type.application";
		};
/* End PBXNativeTarget section */

/* Begin PBXProject section */
		1232A2E425F3CAB5003DDBE8 /* Project object */ = {
			isa = PBXProject;
			attributes = {
				LastSwiftUpdateCheck = 1240;
				LastUpgradeCheck = 1240;
				TargetAttributes = {
					1232A2EB25F3CAB5003DDBE8 = {
						CreatedOnToolsVersion = 12.4;
					};
				};
			};
			buildConfigurationList = 1232A2E725F3CAB5003DDBE8 /* Build configuration list for PBXProject "MicroAuth" */;
			compatibilityVersion = "Xcode 9.3";
			developmentRegion = en;
			hasScannedForEncodings = 0;
			knownRegions = (
				en,
				Base,
			);
			mainGroup = 1232A2E325F3CAB5003DDBE8;
			packageReferences = (
				1232A32025F3E6DA003DDBE8 /* XCRemoteSwiftPackageReference "SwiftOTP" */,
				120E6D5625F533F40053503E /* XCRemoteSwiftPackageReference "HotKey" */,
				120FA05425F95DE0000AF540 /* XCRemoteSwiftPackageReference "LaunchAtLogin" */,
			);
			productRefGroup = 1232A2ED25F3CAB5003DDBE8 /* Products */;
			projectDirPath = "";
			projectRoot = "";
			targets = (
				1232A2EB25F3CAB5003DDBE8 /* MicroAuth */,
			);
		};
/* End PBXProject section */

/* Begin PBXResourcesBuildPhase section */
		1232A2EA25F3CAB5003DDBE8 /* Resources */ = {
			isa = PBXResourcesBuildPhase;
			buildActionMask = 2147483647;
			files = (
				1232A2F425F3CAB7003DDBE8 /* Assets.xcassets in Resources */,
				1232A2F725F3CAB7003DDBE8 /* Main.storyboard in Resources */,
				1232A31E25F3DD89003DDBE8 /* AuthView.xib in Resources */,
			);
			runOnlyForDeploymentPostprocessing = 0;
		};
/* End PBXResourcesBuildPhase section */

/* Begin PBXShellScriptBuildPhase section */
		1251E18F25F968E900DB6B68 /* ShellScript */ = {
			isa = PBXShellScriptBuildPhase;
			buildActionMask = 2147483647;
			files = (
			);
			inputFileListPaths = (
			);
			inputPaths = (
			);
			outputFileListPaths = (
			);
			outputPaths = (
			);
			runOnlyForDeploymentPostprocessing = 0;
			shellPath = /bin/sh;
			shellScript = "\"${BUILT_PRODUCTS_DIR}/LaunchAtLogin_LaunchAtLogin.bundle/Contents/Resources/copy-helper-swiftpm.sh\"\n";
		};
/* End PBXShellScriptBuildPhase section */

/* Begin PBXSourcesBuildPhase section */
		1232A2E825F3CAB5003DDBE8 /* Sources */ = {
			isa = PBXSourcesBuildPhase;
			buildActionMask = 2147483647;
			files = (
				1232A2F225F3CAB5003DDBE8 /* PreferencesViewController.swift in Sources */,
				1232A2F025F3CAB5003DDBE8 /* AppDelegate.swift in Sources */,
				12CB3ED625F6886500537F59 /* KeyboardShortcut.swift in Sources */,
				12CB3ED325F6874900537F59 /* PreferencesWindowController.swift in Sources */,
				122044BF25F91489000512AC /* ProgressCircle.swift in Sources */,
				1232A31B25F3DD79003DDBE8 /* AuthView.swift in Sources */,
				12CB3ED925F6AD5D00537F59 /* InfoButton.swift in Sources */,
			);
			runOnlyForDeploymentPostprocessing = 0;
		};
/* End PBXSourcesBuildPhase section */

/* Begin PBXVariantGroup section */
		1232A2F525F3CAB7003DDBE8 /* Main.storyboard */ = {
			isa = PBXVariantGroup;
			children = (
				1232A2F625F3CAB7003DDBE8 /* Base */,
			);
			name = Main.storyboard;
			sourceTree = "<group>";
		};
/* End PBXVariantGroup section */

/* Begin XCBuildConfiguration section */
		1232A2FA25F3CAB7003DDBE8 /* Debug */ = {
			isa = XCBuildConfiguration;
			buildSettings = {
				ALWAYS_SEARCH_USER_PATHS = NO;
				CLANG_ANALYZER_NONNULL = YES;
				CLANG_ANALYZER_NUMBER_OBJECT_CONVERSION = YES_AGGRESSIVE;
				CLANG_CXX_LANGUAGE_STANDARD = "gnu++14";
				CLANG_CXX_LIBRARY = "libc++";
				CLANG_ENABLE_MODULES = YES;
				CLANG_ENABLE_OBJC_ARC = YES;
				CLANG_ENABLE_OBJC_WEAK = YES;
				CLANG_WARN_BLOCK_CAPTURE_AUTORELEASING = YES;
				CLANG_WARN_BOOL_CONVERSION = YES;
				CLANG_WARN_COMMA = YES;
				CLANG_WARN_CONSTANT_CONVERSION = YES;
				CLANG_WARN_DEPRECATED_OBJC_IMPLEMENTATIONS = YES;
				CLANG_WARN_DIRECT_OBJC_ISA_USAGE = YES_ERROR;
				CLANG_WARN_DOCUMENTATION_COMMENTS = YES;
				CLANG_WARN_EMPTY_BODY = YES;
				CLANG_WARN_ENUM_CONVERSION = YES;
				CLANG_WARN_INFINITE_RECURSION = YES;
				CLANG_WARN_INT_CONVERSION = YES;
				CLANG_WARN_NON_LITERAL_NULL_CONVERSION = YES;
				CLANG_WARN_OBJC_IMPLICIT_RETAIN_SELF = YES;
				CLANG_WARN_OBJC_LITERAL_CONVERSION = YES;
				CLANG_WARN_OBJC_ROOT_CLASS = YES_ERROR;
				CLANG_WARN_QUOTED_INCLUDE_IN_FRAMEWORK_HEADER = YES;
				CLANG_WARN_RANGE_LOOP_ANALYSIS = YES;
				CLANG_WARN_STRICT_PROTOTYPES = YES;
				CLANG_WARN_SUSPICIOUS_MOVE = YES;
				CLANG_WARN_UNGUARDED_AVAILABILITY = YES_AGGRESSIVE;
				CLANG_WARN_UNREACHABLE_CODE = YES;
				CLANG_WARN__DUPLICATE_METHOD_MATCH = YES;
				COPY_PHASE_STRIP = NO;
				DEBUG_INFORMATION_FORMAT = dwarf;
				ENABLE_STRICT_OBJC_MSGSEND = YES;
				ENABLE_TESTABILITY = YES;
				GCC_C_LANGUAGE_STANDARD = gnu11;
				GCC_DYNAMIC_NO_PIC = NO;
				GCC_NO_COMMON_BLOCKS = YES;
				GCC_OPTIMIZATION_LEVEL = 0;
				GCC_PREPROCESSOR_DEFINITIONS = (
					"DEBUG=1",
					"$(inherited)",
				);
				GCC_WARN_64_TO_32_BIT_CONVERSION = YES;
				GCC_WARN_ABOUT_RETURN_TYPE = YES_ERROR;
				GCC_WARN_UNDECLARED_SELECTOR = YES;
				GCC_WARN_UNINITIALIZED_AUTOS = YES_AGGRESSIVE;
				GCC_WARN_UNUSED_FUNCTION = YES;
				GCC_WARN_UNUSED_VARIABLE = YES;
				MACOSX_DEPLOYMENT_TARGET = 11.1;
				MTL_ENABLE_DEBUG_INFO = INCLUDE_SOURCE;
				MTL_FAST_MATH = YES;
				ONLY_ACTIVE_ARCH = YES;
				SDKROOT = macosx;
				SWIFT_ACTIVE_COMPILATION_CONDITIONS = DEBUG;
				SWIFT_OPTIMIZATION_LEVEL = "-Onone";
			};
			name = Debug;
		};
		1232A2FB25F3CAB7003DDBE8 /* Release */ = {
			isa = XCBuildConfiguration;
			buildSettings = {
				ALWAYS_SEARCH_USER_PATHS = NO;
				CLANG_ANALYZER_NONNULL = YES;
				CLANG_ANALYZER_NUMBER_OBJECT_CONVERSION = YES_AGGRESSIVE;
				CLANG_CXX_LANGUAGE_STANDARD = "gnu++14";
				CLANG_CXX_LIBRARY = "libc++";
				CLANG_ENABLE_MODULES = YES;
				CLANG_ENABLE_OBJC_ARC = YES;
				CLANG_ENABLE_OBJC_WEAK = YES;
				CLANG_WARN_BLOCK_CAPTURE_AUTORELEASING = YES;
				CLANG_WARN_BOOL_CONVERSION = YES;
				CLANG_WARN_COMMA = YES;
				CLANG_WARN_CONSTANT_CONVERSION = YES;
				CLANG_WARN_DEPRECATED_OBJC_IMPLEMENTATIONS = YES;
				CLANG_WARN_DIRECT_OBJC_ISA_USAGE = YES_ERROR;
				CLANG_WARN_DOCUMENTATION_COMMENTS = YES;
				CLANG_WARN_EMPTY_BODY = YES;
				CLANG_WARN_ENUM_CONVERSION = YES;
				CLANG_WARN_INFINITE_RECURSION = YES;
				CLANG_WARN_INT_CONVERSION = YES;
				CLANG_WARN_NON_LITERAL_NULL_CONVERSION = YES;
				CLANG_WARN_OBJC_IMPLICIT_RETAIN_SELF = YES;
				CLANG_WARN_OBJC_LITERAL_CONVERSION = YES;
				CLANG_WARN_OBJC_ROOT_CLASS = YES_ERROR;
				CLANG_WARN_QUOTED_INCLUDE_IN_FRAMEWORK_HEADER = YES;
				CLANG_WARN_RANGE_LOOP_ANALYSIS = YES;
				CLANG_WARN_STRICT_PROTOTYPES = YES;
				CLANG_WARN_SUSPICIOUS_MOVE = YES;
				CLANG_WARN_UNGUARDED_AVAILABILITY = YES_AGGRESSIVE;
				CLANG_WARN_UNREACHABLE_CODE = YES;
				CLANG_WARN__DUPLICATE_METHOD_MATCH = YES;
				COPY_PHASE_STRIP = NO;
				DEBUG_INFORMATION_FORMAT = "dwarf-with-dsym";
				ENABLE_NS_ASSERTIONS = NO;
				ENABLE_STRICT_OBJC_MSGSEND = YES;
				GCC_C_LANGUAGE_STANDARD = gnu11;
				GCC_NO_COMMON_BLOCKS = YES;
				GCC_WARN_64_TO_32_BIT_CONVERSION = YES;
				GCC_WARN_ABOUT_RETURN_TYPE = YES_ERROR;
				GCC_WARN_UNDECLARED_SELECTOR = YES;
				GCC_WARN_UNINITIALIZED_AUTOS = YES_AGGRESSIVE;
				GCC_WARN_UNUSED_FUNCTION = YES;
				GCC_WARN_UNUSED_VARIABLE = YES;
				MACOSX_DEPLOYMENT_TARGET = 11.1;
				MTL_ENABLE_DEBUG_INFO = NO;
				MTL_FAST_MATH = YES;
				SDKROOT = macosx;
				SWIFT_COMPILATION_MODE = wholemodule;
				SWIFT_OPTIMIZATION_LEVEL = "-O";
			};
			name = Release;
		};
		1232A2FD25F3CAB7003DDBE8 /* Debug */ = {
			isa = XCBuildConfiguration;
			buildSettings = {
				ASSETCATALOG_COMPILER_APPICON_NAME = AppIcon;
				ASSETCATALOG_COMPILER_GLOBAL_ACCENT_COLOR_NAME = AccentColor;
				CODE_SIGN_ENTITLEMENTS = MicroAuth/MicroAuth.entitlements;
				CODE_SIGN_IDENTITY = "Apple Development";
				CODE_SIGN_STYLE = Automatic;
				COMBINE_HIDPI_IMAGES = YES;
				CURRENT_PROJECT_VERSION = 1;
				DEVELOPMENT_TEAM = 9B947PULC5;
				INFOPLIST_FILE = MicroAuth/Info.plist;
				LD_RUNPATH_SEARCH_PATHS = (
					"$(inherited)",
					"@executable_path/../Frameworks",
				);
				MARKETING_VERSION = 1.4;
				PRODUCT_BUNDLE_IDENTIFIER = com.dfalck.MicroAuth;
				PRODUCT_NAME = "$(TARGET_NAME)";
				PROVISIONING_PROFILE_SPECIFIER = "";
				SWIFT_VERSION = 5.0;
			};
			name = Debug;
		};
		1232A2FE25F3CAB7003DDBE8 /* Release */ = {
			isa = XCBuildConfiguration;
			buildSettings = {
				ASSETCATALOG_COMPILER_APPICON_NAME = AppIcon;
				ASSETCATALOG_COMPILER_GLOBAL_ACCENT_COLOR_NAME = AccentColor;
				CODE_SIGN_ENTITLEMENTS = MicroAuth/MicroAuth.entitlements;
				CODE_SIGN_IDENTITY = "Apple Development";
				CODE_SIGN_STYLE = Automatic;
				COMBINE_HIDPI_IMAGES = YES;
				CURRENT_PROJECT_VERSION = 1;
				DEVELOPMENT_TEAM = 9B947PULC5;
				INFOPLIST_FILE = MicroAuth/Info.plist;
				LD_RUNPATH_SEARCH_PATHS = (
					"$(inherited)",
					"@executable_path/../Frameworks",
				);
				MARKETING_VERSION = 1.4;
				PRODUCT_BUNDLE_IDENTIFIER = com.dfalck.MicroAuth;
				PRODUCT_NAME = "$(TARGET_NAME)";
				PROVISIONING_PROFILE_SPECIFIER = "";
				SWIFT_VERSION = 5.0;
			};
			name = Release;
		};
/* End XCBuildConfiguration section */

/* Begin XCConfigurationList section */
		1232A2E725F3CAB5003DDBE8 /* Build configuration list for PBXProject "MicroAuth" */ = {
			isa = XCConfigurationList;
			buildConfigurations = (
				1232A2FA25F3CAB7003DDBE8 /* Debug */,
				1232A2FB25F3CAB7003DDBE8 /* Release */,
			);
			defaultConfigurationIsVisible = 0;
			defaultConfigurationName = Release;
		};
		1232A2FC25F3CAB7003DDBE8 /* Build configuration list for PBXNativeTarget "MicroAuth" */ = {
			isa = XCConfigurationList;
			buildConfigurations = (
				1232A2FD25F3CAB7003DDBE8 /* Debug */,
				1232A2FE25F3CAB7003DDBE8 /* Release */,
			);
			defaultConfigurationIsVisible = 0;
			defaultConfigurationName = Release;
		};
/* End XCConfigurationList section */

/* Begin XCRemoteSwiftPackageReference section */
		120E6D5625F533F40053503E /* XCRemoteSwiftPackageReference "HotKey" */ = {
			isa = XCRemoteSwiftPackageReference;
			repositoryURL = "https://github.com/soffes/HotKey";
			requirement = {
				kind = upToNextMajorVersion;
				minimumVersion = 0.1.3;
			};
		};
		120FA05425F95DE0000AF540 /* XCRemoteSwiftPackageReference "LaunchAtLogin" */ = {
			isa = XCRemoteSwiftPackageReference;
			repositoryURL = "https://github.com/sindresorhus/LaunchAtLogin";
			requirement = {
				kind = upToNextMajorVersion;
				minimumVersion = 4.0.0;
			};
		};
		1232A32025F3E6DA003DDBE8 /* XCRemoteSwiftPackageReference "SwiftOTP" */ = {
			isa = XCRemoteSwiftPackageReference;
			repositoryURL = "https://github.com/lachlanbell/SwiftOTP";
			requirement = {
				kind = upToNextMajorVersion;
				minimumVersion = 3.0.0;
			};
		};
/* End XCRemoteSwiftPackageReference section */

/* Begin XCSwiftPackageProductDependency section */
		120E6D5725F533F40053503E /* HotKey */ = {
			isa = XCSwiftPackageProductDependency;
			package = 120E6D5625F533F40053503E /* XCRemoteSwiftPackageReference "HotKey" */;
			productName = HotKey;
		};
		120FA05525F95DE0000AF540 /* LaunchAtLogin */ = {
			isa = XCSwiftPackageProductDependency;
			package = 120FA05425F95DE0000AF540 /* XCRemoteSwiftPackageReference "LaunchAtLogin" */;
			productName = LaunchAtLogin;
		};
		1232A32125F3E6DA003DDBE8 /* SwiftOTP */ = {
			isa = XCSwiftPackageProductDependency;
			package = 1232A32025F3E6DA003DDBE8 /* XCRemoteSwiftPackageReference "SwiftOTP" */;
			productName = SwiftOTP;
		};
/* End XCSwiftPackageProductDependency section */
	};
	rootObject = 1232A2E425F3CAB5003DDBE8 /* Project object */;
}
