{
  "object": {
    "pins": [
      {
        "package": "HotKey",
        "repositoryURL": "https://github.com/soffes/HotKey",
        "state": {
          "branch": null,
          "revision": "c13662730cb5bc28de4a799854bbb018a90649bf",
          "version": "0.1.3"
        }
      },
      {
        "package": "LaunchAtLogin",
        "repositoryURL": "https://github.com/sindresorhus/LaunchAtLogin",
        "state": {
          "branch": null,
          "revision": "0f39982b9d6993eef253b81219d3c39ba1e680f3",
          "version": "4.0.0"
        }
      },
      {
        "package": "Sparkle",
        "repositoryURL": "https://github.com/sparkle-project/Sparkle",
        "state": {
          "branch": null,
          "revision": "c0933a516b420806e9216e71bd13ba76c54f0de6",
          "version": "1.26.0"
        }
      },
      {
        "package": "swift-crypto",
        "repositoryURL": "https://github.com/apple/swift-crypto.git",
        "state": {
          "branch": null,
          "revision": "0141f53dd525706c803b0c20aa8ad36f9ecd45e5",
          "version": "1.1.5"
        }
      },
      {
        "package": "SwiftOTP",
        "repositoryURL": "https://github.com/lachlanbell/SwiftOTP",
        "state": {
          "branch": null,
          "revision": "315acdb759083fd8f3c37b02fc021321c8934f9c",
          "version": "3.0.0"
        }
      }
    ]
  },
  "version": 1
}
